# This file is autogenerated, do not edit; changes may be undone by the next 'dep ensure'.


[[projects]]
  branch = "master"
  name = "github.com/cleversoap/go-cp"
  packages = ["."]
  revision = "c1540332ed3e3f5122faafcac57a6d6dedbeaacd"

[[projects]]
  branch = "master"
  name = "github.com/dhowden/tag"
  packages = ["."]
  revision = "e80a3fa76a9645b4a90127deab5b271d8c5bcf85"

[[projects]]
  name = "github.com/hjson/hjson-go"
  packages = ["."]
  revision = "d8adb1bb23adb87a63c2d1f3c0237a0a313b69a6"
  version = "v3.0.0"

[solve-meta]
  analyzer-name = "dep"
  analyzer-version = 1
  inputs-digest = "892d84af687fa8924f3560036d449d3804371c4230575215c427e4ed9dee99f8"
  solver-name = "gps-cdcl"
  solver-version = 1
