# This file is autogenerated, do not edit; changes may be undone by the next 'dep ensure'.


[[projects]]
  branch = "master"
  name = "github.com/dhowden/tag"
  packages = ["."]
  revision = "e80a3fa76a9645b4a90127deab5b271d8c5bcf85"

[[projects]]
  name = "github.com/hjson/hjson-go"
  packages = ["."]
  revision = "d8adb1bb23adb87a63c2d1f3c0237a0a313b69a6"
  version = "v3.0.0"

[solve-meta]
  analyzer-name = "dep"
  analyzer-version = 1
  inputs-digest = "7aa7705313046d257d4d97d7da63641cf8c253eb0056ccaa7c4005d83bdecd18"
  solver-name = "gps-cdcl"
  solver-version = 1
